
Microsoft Visual Studio Solution File, Format Version 12.00
# Visual Studio Version 17
VisualStudioVersion = 17.14.36414.22 d17.14
MinimumVisualStudioVersion = 10.0.40219.1
Project("{FAE04EC0-301F-11D3-BF4B-00C04F79EFBC}") = "TechSystem", "TechSystem\TechSystem.csproj", "{C6D4F605-D3BB-4B7B-953B-28A254E763C0}"
EndProject
Global
	GlobalSection(SolutionConfigurationPlatforms) = preSolution
		Debug|Any CPU = Debug|Any CPU
		Release|Any CPU = Release|Any CPU
	EndGlobalSection
	GlobalSection(ProjectConfigurationPlatforms) = postSolution
		{C6D4F605-D3BB-4B7B-953B-28A254E763C0}.Debug|Any CPU.ActiveCfg = Debug|Any CPU
		{C6D4F605-D3BB-4B7B-953B-28A254E763C0}.Debug|Any CPU.Build.0 = Debug|Any CPU
		{C6D4F605-D3BB-4B7B-953B-28A254E763C0}.Release|Any CPU.ActiveCfg = Release|Any CPU
		{C6D4F605-D3BB-4B7B-953B-28A254E763C0}.Release|Any CPU.Build.0 = Release|Any CPU
	EndGlobalSection
	GlobalSection(SolutionProperties) = preSolution
		HideSolutionNode = FALSE
	EndGlobalSection
	GlobalSection(ExtensibilityGlobals) = postSolution
		SolutionGuid = {83FE3D01-53CE-488E-9456-42A6D19D6171}
	EndGlobalSection
EndGlobal
